
Microsoft Visual Studio Solution File, Format Version 12.00
# Visual Studio Version 16
VisualStudioVersion = 16.0.32407.337
MinimumVisualStudioVersion = 10.0.40219.1
Project("{FAE04EC0-301F-11D3-BF4B-00C04F79EFBC}") = "RevitAPICopyGroup", "RevitAPICopyGroup\RevitAPICopyGroup.csproj", "{68F1F563-B829-46F5-80B7-CC162B8F77A4}"
EndProject
Global
	GlobalSection(SolutionConfigurationPlatforms) = preSolution
		Debug|Any CPU = Debug|Any CPU
		Release|Any CPU = Release|Any CPU
	EndGlobalSection
	GlobalSection(ProjectConfigurationPlatforms) = postSolution
		{68F1F563-B829-46F5-80B7-CC162B8F77A4}.Debug|Any CPU.ActiveCfg = Debug|Any CPU
		{68F1F563-B829-46F5-80B7-CC162B8F77A4}.Debug|Any CPU.Build.0 = Debug|Any CPU
		{68F1F563-B829-46F5-80B7-CC162B8F77A4}.Release|Any CPU.ActiveCfg = Release|Any CPU
		{68F1F563-B829-46F5-80B7-CC162B8F77A4}.Release|Any CPU.Build.0 = Release|Any CPU
	EndGlobalSection
	GlobalSection(SolutionProperties) = preSolution
		HideSolutionNode = FALSE
	EndGlobalSection
	GlobalSection(ExtensibilityGlobals) = postSolution
		SolutionGuid = {F2B76187-FF52-487A-B2CD-D06A705E3B4E}
	EndGlobalSection
EndGlobal
